
Microsoft Visual Studio Solution File, Format Version 12.00
# Visual Studio Version 17
VisualStudioVersion = 17.7.34009.444
MinimumVisualStudioVersion = 10.0.40219.1
Project("{9A19103F-16F7-4668-BE54-9A1E7A4F7556}") = "UtilityLib", "UtilityLib\UtilityLib.csproj", "{89BF6B10-6D32-439B-96CD-E3D7098E962D}"
EndProject
Project("{9A19103F-16F7-4668-BE54-9A1E7A4F7556}") = "PageNavigationSample", "PageNavigationSample\PageNavigationSample.csproj", "{C72CAC5A-F2D8-4276-81AC-B3FDF76CC5D9}"
EndProject
Project("{9A19103F-16F7-4668-BE54-9A1E7A4F7556}") = "SampleTcpServer", "SampleTcpServer\SampleTcpServer.csproj", "{E029BAA1-CEAE-465E-8CF4-2F58ED37350E}"
EndProject
Project("{FAE04EC0-301F-11D3-BF4B-00C04F79EFBC}") = "ChartSample", "ChartSample\ChartSample.csproj", "{B228F8DC-2A14-49E1-A3FD-99442A8015C2}"
EndProject
Project("{FAE04EC0-301F-11D3-BF4B-00C04F79EFBC}") = "ReactiveSample", "ReactiveSample\ReactiveSample.csproj", "{AE3DE30E-927C-4531-ACD7-DFFC4C416A30}"
EndProject
Project("{9A19103F-16F7-4668-BE54-9A1E7A4F7556}") = "SampleTcpClient", "SampleTcpClient\SampleTcpClient.csproj", "{A3F12D13-02F9-4C27-9DA6-0B87A9BAA838}"
EndProject
Project("{9A19103F-16F7-4668-BE54-9A1E7A4F7556}") = "ControlSample", "ControlSample\ControlSample.csproj", "{083CCED6-1D5C-4076-910E-3A283B1AB554}"
EndProject
Project("{FAE04EC0-301F-11D3-BF4B-00C04F79EFBC}") = "SqliteLib", "SqliteLib\SqliteLib.csproj", "{857DFDAB-4037-427F-8011-D2C68731A257}"
EndProject
Project("{FAE04EC0-301F-11D3-BF4B-00C04F79EFBC}") = "AsyncSample", "AsyncSample\AsyncSample.csproj", "{1147805E-1082-41D1-ABB5-3A15EA4070BF}"
EndProject
Project("{FAE04EC0-301F-11D3-BF4B-00C04F79EFBC}") = "HttpClientSample", "HttpClientSample\HttpClientSample.csproj", "{6A12613C-FA67-4A3F-BEFE-E1E04329BD7D}"
EndProject
Project("{FAE04EC0-301F-11D3-BF4B-00C04F79EFBC}") = "WaveformSample", "WaveformSample\WaveformSample.csproj", "{EAC9D003-19CA-40F5-9FF5-722A174E59B4}"
EndProject
Project("{FAE04EC0-301F-11D3-BF4B-00C04F79EFBC}") = "DotNet45", "DotNet45\DotNet45.csproj", "{F9E0B2CF-08B6-410A-ACA4-5CAF1BB53337}"
EndProject
Project("{FAE04EC0-301F-11D3-BF4B-00C04F79EFBC}") = "DbSample", "DbSample\DbSample.csproj", "{5D8335CB-75D0-4795-AF9F-7F485A634A72}"
EndProject
Project("{FAE04EC0-301F-11D3-BF4B-00C04F79EFBC}") = "FormSample", "FormSample\FormSample.csproj", "{50D7394C-29A4-4D88-ABDB-3B0799B04DC8}"
EndProject
Global
	GlobalSection(SolutionConfigurationPlatforms) = preSolution
		Debug|Any CPU = Debug|Any CPU
		Release|Any CPU = Release|Any CPU
	EndGlobalSection
	GlobalSection(ProjectConfigurationPlatforms) = postSolution
		{89BF6B10-6D32-439B-96CD-E3D7098E962D}.Debug|Any CPU.ActiveCfg = Debug|Any CPU
		{89BF6B10-6D32-439B-96CD-E3D7098E962D}.Debug|Any CPU.Build.0 = Debug|Any CPU
		{89BF6B10-6D32-439B-96CD-E3D7098E962D}.Release|Any CPU.ActiveCfg = Release|Any CPU
		{89BF6B10-6D32-439B-96CD-E3D7098E962D}.Release|Any CPU.Build.0 = Release|Any CPU
		{C72CAC5A-F2D8-4276-81AC-B3FDF76CC5D9}.Debug|Any CPU.ActiveCfg = Debug|Any CPU
		{C72CAC5A-F2D8-4276-81AC-B3FDF76CC5D9}.Debug|Any CPU.Build.0 = Debug|Any CPU
		{C72CAC5A-F2D8-4276-81AC-B3FDF76CC5D9}.Release|Any CPU.ActiveCfg = Release|Any CPU
		{C72CAC5A-F2D8-4276-81AC-B3FDF76CC5D9}.Release|Any CPU.Build.0 = Release|Any CPU
		{E029BAA1-CEAE-465E-8CF4-2F58ED37350E}.Debug|Any CPU.ActiveCfg = Debug|Any CPU
		{E029BAA1-CEAE-465E-8CF4-2F58ED37350E}.Debug|Any CPU.Build.0 = Debug|Any CPU
		{E029BAA1-CEAE-465E-8CF4-2F58ED37350E}.Release|Any CPU.ActiveCfg = Release|Any CPU
		{E029BAA1-CEAE-465E-8CF4-2F58ED37350E}.Release|Any CPU.Build.0 = Release|Any CPU
		{B228F8DC-2A14-49E1-A3FD-99442A8015C2}.Debug|Any CPU.ActiveCfg = Debug|Any CPU
		{B228F8DC-2A14-49E1-A3FD-99442A8015C2}.Debug|Any CPU.Build.0 = Debug|Any CPU
		{B228F8DC-2A14-49E1-A3FD-99442A8015C2}.Release|Any CPU.ActiveCfg = Release|Any CPU
		{B228F8DC-2A14-49E1-A3FD-99442A8015C2}.Release|Any CPU.Build.0 = Release|Any CPU
		{AE3DE30E-927C-4531-ACD7-DFFC4C416A30}.Debug|Any CPU.ActiveCfg = Debug|Any CPU
		{AE3DE30E-927C-4531-ACD7-DFFC4C416A30}.Debug|Any CPU.Build.0 = Debug|Any CPU
		{AE3DE30E-927C-4531-ACD7-DFFC4C416A30}.Release|Any CPU.ActiveCfg = Release|Any CPU
		{AE3DE30E-927C-4531-ACD7-DFFC4C416A30}.Release|Any CPU.Build.0 = Release|Any CPU
		{A3F12D13-02F9-4C27-9DA6-0B87A9BAA838}.Debug|Any CPU.ActiveCfg = Debug|Any CPU
		{A3F12D13-02F9-4C27-9DA6-0B87A9BAA838}.Debug|Any CPU.Build.0 = Debug|Any CPU
		{A3F12D13-02F9-4C27-9DA6-0B87A9BAA838}.Release|Any CPU.ActiveCfg = Release|Any CPU
		{A3F12D13-02F9-4C27-9DA6-0B87A9BAA838}.Release|Any CPU.Build.0 = Release|Any CPU
		{083CCED6-1D5C-4076-910E-3A283B1AB554}.Debug|Any CPU.ActiveCfg = Debug|Any CPU
		{083CCED6-1D5C-4076-910E-3A283B1AB554}.Debug|Any CPU.Build.0 = Debug|Any CPU
		{083CCED6-1D5C-4076-910E-3A283B1AB554}.Release|Any CPU.ActiveCfg = Release|Any CPU
		{083CCED6-1D5C-4076-910E-3A283B1AB554}.Release|Any CPU.Build.0 = Release|Any CPU
		{857DFDAB-4037-427F-8011-D2C68731A257}.Debug|Any CPU.ActiveCfg = Debug|Any CPU
		{857DFDAB-4037-427F-8011-D2C68731A257}.Debug|Any CPU.Build.0 = Debug|Any CPU
		{857DFDAB-4037-427F-8011-D2C68731A257}.Release|Any CPU.ActiveCfg = Release|Any CPU
		{857DFDAB-4037-427F-8011-D2C68731A257}.Release|Any CPU.Build.0 = Release|Any CPU
		{1147805E-1082-41D1-ABB5-3A15EA4070BF}.Debug|Any CPU.ActiveCfg = Debug|Any CPU
		{1147805E-1082-41D1-ABB5-3A15EA4070BF}.Debug|Any CPU.Build.0 = Debug|Any CPU
		{1147805E-1082-41D1-ABB5-3A15EA4070BF}.Release|Any CPU.ActiveCfg = Release|Any CPU
		{1147805E-1082-41D1-ABB5-3A15EA4070BF}.Release|Any CPU.Build.0 = Release|Any CPU
		{6A12613C-FA67-4A3F-BEFE-E1E04329BD7D}.Debug|Any CPU.ActiveCfg = Debug|Any CPU
		{6A12613C-FA67-4A3F-BEFE-E1E04329BD7D}.Debug|Any CPU.Build.0 = Debug|Any CPU
		{6A12613C-FA67-4A3F-BEFE-E1E04329BD7D}.Release|Any CPU.ActiveCfg = Release|Any CPU
		{6A12613C-FA67-4A3F-BEFE-E1E04329BD7D}.Release|Any CPU.Build.0 = Release|Any CPU
		{EAC9D003-19CA-40F5-9FF5-722A174E59B4}.Debug|Any CPU.ActiveCfg = Debug|Any CPU
		{EAC9D003-19CA-40F5-9FF5-722A174E59B4}.Debug|Any CPU.Build.0 = Debug|Any CPU
		{EAC9D003-19CA-40F5-9FF5-722A174E59B4}.Release|Any CPU.ActiveCfg = Release|Any CPU
		{EAC9D003-19CA-40F5-9FF5-722A174E59B4}.Release|Any CPU.Build.0 = Release|Any CPU
		{F9E0B2CF-08B6-410A-ACA4-5CAF1BB53337}.Debug|Any CPU.ActiveCfg = Debug|Any CPU
		{F9E0B2CF-08B6-410A-ACA4-5CAF1BB53337}.Debug|Any CPU.Build.0 = Debug|Any CPU
		{F9E0B2CF-08B6-410A-ACA4-5CAF1BB53337}.Release|Any CPU.ActiveCfg = Release|Any CPU
		{F9E0B2CF-08B6-410A-ACA4-5CAF1BB53337}.Release|Any CPU.Build.0 = Release|Any CPU
		{5D8335CB-75D0-4795-AF9F-7F485A634A72}.Debug|Any CPU.ActiveCfg = Debug|Any CPU
		{5D8335CB-75D0-4795-AF9F-7F485A634A72}.Debug|Any CPU.Build.0 = Debug|Any CPU
		{5D8335CB-75D0-4795-AF9F-7F485A634A72}.Release|Any CPU.ActiveCfg = Release|Any CPU
		{5D8335CB-75D0-4795-AF9F-7F485A634A72}.Release|Any CPU.Build.0 = Release|Any CPU
		{50D7394C-29A4-4D88-ABDB-3B0799B04DC8}.Debug|Any CPU.ActiveCfg = Debug|Any CPU
		{50D7394C-29A4-4D88-ABDB-3B0799B04DC8}.Debug|Any CPU.Build.0 = Debug|Any CPU
		{50D7394C-29A4-4D88-ABDB-3B0799B04DC8}.Release|Any CPU.ActiveCfg = Release|Any CPU
		{50D7394C-29A4-4D88-ABDB-3B0799B04DC8}.Release|Any CPU.Build.0 = Release|Any CPU
	EndGlobalSection
	GlobalSection(SolutionProperties) = preSolution
		HideSolutionNode = FALSE
	EndGlobalSection
	GlobalSection(ExtensibilityGlobals) = postSolution
		SolutionGuid = {290CE365-E7FD-4F08-9B93-0015D7AE995F}
	EndGlobalSection
EndGlobal
